
Microsoft Visual Studio Solution File, Format Version 12.00
# Visual Studio 2012
Project("{8BC9CEB8-8B4A-11D0-8D11-00A0C91BC942}") = "SdiSquares", "SdiSquares\SdiSquares.vcxproj", "{ABBD7116-EECE-43AF-B6DA-06B4B940C300}"
EndProject
Global
	GlobalSection(SolutionConfigurationPlatforms) = preSolution
		Debug|Win32 = Debug|Win32
		Release|Win32 = Release|Win32
	EndGlobalSection
	GlobalSection(ProjectConfigurationPlatforms) = postSolution
		{ABBD7116-EECE-43AF-B6DA-06B4B940C300}.Debug|Win32.ActiveCfg = Debug|Win32
		{ABBD7116-EECE-43AF-B6DA-06B4B940C300}.Debug|Win32.Build.0 = Debug|Win32
		{ABBD7116-EECE-43AF-B6DA-06B4B940C300}.Release|Win32.ActiveCfg = Release|Win32
		{ABBD7116-EECE-43AF-B6DA-06B4B940C300}.Release|Win32.Build.0 = Release|Win32
	EndGlobalSection
	GlobalSection(SolutionProperties) = preSolution
		HideSolutionNode = FALSE
	EndGlobalSection
EndGlobal
